
Microsoft Visual Studio Solution File, Format Version 12.00
# Visual Studio Version 16
VisualStudioVersion = 16.0.31205.134
MinimumVisualStudioVersion = 10.0.40219.1
Project("{FAE04EC0-301F-11D3-BF4B-00C04F79EFBC}") = "SE.ConsoleApp", "SemanticEvolutionConsoleApp\SE.ConsoleApp.csproj", "{73487626-170A-4E3F-A101-2AD7E77E0776}"
EndProject
Project("{FAE04EC0-301F-11D3-BF4B-00C04F79EFBC}") = "SE.Core", "SE.Core\SE.Core.csproj", "{8348B4EF-11B3-476A-A6D1-0219C0FA7C6F}"
EndProject
Project("{FAE04EC0-301F-11D3-BF4B-00C04F79EFBC}") = "SE.Core.Tests", "SE.Core.Tests\SE.Core.Tests.csproj", "{235B4CF7-EB07-450C-96CC-EBE96DD1D60E}"
EndProject
Global
	GlobalSection(SolutionConfigurationPlatforms) = preSolution
		Debug|Any CPU = Debug|Any CPU
		Release|Any CPU = Release|Any CPU
	EndGlobalSection
	GlobalSection(ProjectConfigurationPlatforms) = postSolution
		{73487626-170A-4E3F-A101-2AD7E77E0776}.Debug|Any CPU.ActiveCfg = Debug|Any CPU
		{73487626-170A-4E3F-A101-2AD7E77E0776}.Debug|Any CPU.Build.0 = Debug|Any CPU
		{73487626-170A-4E3F-A101-2AD7E77E0776}.Release|Any CPU.ActiveCfg = Release|Any CPU
		{73487626-170A-4E3F-A101-2AD7E77E0776}.Release|Any CPU.Build.0 = Release|Any CPU
		{8348B4EF-11B3-476A-A6D1-0219C0FA7C6F}.Debug|Any CPU.ActiveCfg = Debug|Any CPU
		{8348B4EF-11B3-476A-A6D1-0219C0FA7C6F}.Debug|Any CPU.Build.0 = Debug|Any CPU
		{8348B4EF-11B3-476A-A6D1-0219C0FA7C6F}.Release|Any CPU.ActiveCfg = Release|Any CPU
		{8348B4EF-11B3-476A-A6D1-0219C0FA7C6F}.Release|Any CPU.Build.0 = Release|Any CPU
		{235B4CF7-EB07-450C-96CC-EBE96DD1D60E}.Debug|Any CPU.ActiveCfg = Debug|Any CPU
		{235B4CF7-EB07-450C-96CC-EBE96DD1D60E}.Debug|Any CPU.Build.0 = Debug|Any CPU
		{235B4CF7-EB07-450C-96CC-EBE96DD1D60E}.Release|Any CPU.ActiveCfg = Release|Any CPU
		{235B4CF7-EB07-450C-96CC-EBE96DD1D60E}.Release|Any CPU.Build.0 = Release|Any CPU
	EndGlobalSection
	GlobalSection(SolutionProperties) = preSolution
		HideSolutionNode = FALSE
	EndGlobalSection
	GlobalSection(ExtensibilityGlobals) = postSolution
		SolutionGuid = {40839041-1B97-40B5-8C67-69F75915CF3C}
	EndGlobalSection
EndGlobal
